// !$*UTF8*$!
{
	archiveVersion = 1;
	classes = {
	};
	objectVersion = 55;
	objects = {

/* Begin PBXBuildFile section */
		323759D7C043510B87D6FA51 /* Pods_Pozolotina_VK.framework in Frameworks */ = {isa = PBXBuildFile; fileRef = 218C571A0B8FA86129227649 /* Pods_Pozolotina_VK.framework */; };
		F7BE13AF28180A13006950E7 /* AvatarsView.swift in Sources */ = {isa = PBXBuildFile; fileRef = F7BE13AE28180A13006950E7 /* AvatarsView.swift */; };
		FA1742FB284CA0ED00341868 /* FriendService.swift in Sources */ = {isa = PBXBuildFile; fileRef = FA1742FA284CA0ED00341868 /* FriendService.swift */; };
		FA174300284CA74B00341868 /* PhotoService.swift in Sources */ = {isa = PBXBuildFile; fileRef = FA1742FF284CA74B00341868 /* PhotoService.swift */; };
		FA174302284CA83100341868 /* GroupService.swift in Sources */ = {isa = PBXBuildFile; fileRef = FA174301284CA83100341868 /* GroupService.swift */; };
		FA174304284CAB1800341868 /* SearchGroupService.swift in Sources */ = {isa = PBXBuildFile; fileRef = FA174303284CAB1800341868 /* SearchGroupService.swift */; };
		FA174306284CAEA600341868 /* User.swift in Sources */ = {isa = PBXBuildFile; fileRef = FA174305284CAEA600341868 /* User.swift */; };
		FA174309284F43DE00341868 /* Photos.swift in Sources */ = {isa = PBXBuildFile; fileRef = FA174308284F43DE00341868 /* Photos.swift */; };
		FA17430B284F8AD200341868 /* Group.swift in Sources */ = {isa = PBXBuildFile; fileRef = FA17430A284F8AD200341868 /* Group.swift */; };
		FA17430E284FCADB00341868 /* extensions.swift in Sources */ = {isa = PBXBuildFile; fileRef = FA17430D284FCADB00341868 /* extensions.swift */; };
		FA3712AC2811C9A7007D9423 /* ViewController.swift in Sources */ = {isa = PBXBuildFile; fileRef = FA3712AB2811C9A7007D9423 /* ViewController.swift */; };
		FA3712AE2811DE85007D9423 /* FriendsTableVC.swift in Sources */ = {isa = PBXBuildFile; fileRef = FA3712AD2811DE85007D9423 /* FriendsTableVC.swift */; };
		FA3712B1281881B6007D9423 /* NewsTableViewCell.swift in Sources */ = {isa = PBXBuildFile; fileRef = FA3712B0281881B6007D9423 /* NewsTableViewCell.swift */; };
		FA3712B3281885D6007D9423 /* NewsTableVC.swift in Sources */ = {isa = PBXBuildFile; fileRef = FA3712B2281885D6007D9423 /* NewsTableVC.swift */; };
		FA3712B628192B88007D9423 /* LikeControlForNews.swift in Sources */ = {isa = PBXBuildFile; fileRef = FA3712B528192B88007D9423 /* LikeControlForNews.swift */; };
		FA3712B8281966CB007D9423 /* MyCustomHeader.swift in Sources */ = {isa = PBXBuildFile; fileRef = FA3712B7281966CB007D9423 /* MyCustomHeader.swift */; };
		FA3712BB281AA770007D9423 /* MyCellForNews.xib in Resources */ = {isa = PBXBuildFile; fileRef = FA3712BA281AA770007D9423 /* MyCellForNews.xib */; };
		FA3712BF281AB817007D9423 /* MyCellForNews.swift in Sources */ = {isa = PBXBuildFile; fileRef = FA3712BE281AB817007D9423 /* MyCellForNews.swift */; };
		FA3712C1281AB9A0007D9423 /* CommentTableView.swift in Sources */ = {isa = PBXBuildFile; fileRef = FA3712C0281AB9A0007D9423 /* CommentTableView.swift */; };
		FA3712C3281B05CE007D9423 /* CommentCell.swift in Sources */ = {isa = PBXBuildFile; fileRef = FA3712C2281B05CE007D9423 /* CommentCell.swift */; };
		FA3712E5281EC061007D9423 /* loadingPageViewController.swift in Sources */ = {isa = PBXBuildFile; fileRef = FA3712E4281EC061007D9423 /* loadingPageViewController.swift */; };
		FA3712EF282D41DF007D9423 /* swipeViewController.swift in Sources */ = {isa = PBXBuildFile; fileRef = FA3712EE282D41DF007D9423 /* swipeViewController.swift */; };
		FA3712FF28366EDC007D9423 /* cloudViewController.swift in Sources */ = {isa = PBXBuildFile; fileRef = FA3712FE28366EDC007D9423 /* cloudViewController.swift */; };
		FA3713012837E52C007D9423 /* FriendViewController.swift in Sources */ = {isa = PBXBuildFile; fileRef = FA3713002837E52B007D9423 /* FriendViewController.swift */; };
		FA9EB65F2804676200AC80F3 /* AppDelegate.swift in Sources */ = {isa = PBXBuildFile; fileRef = FA9EB65E2804676200AC80F3 /* AppDelegate.swift */; };
		FA9EB6612804676200AC80F3 /* SceneDelegate.swift in Sources */ = {isa = PBXBuildFile; fileRef = FA9EB6602804676200AC80F3 /* SceneDelegate.swift */; };
		FA9EB6662804676200AC80F3 /* Main.storyboard in Resources */ = {isa = PBXBuildFile; fileRef = FA9EB6642804676200AC80F3 /* Main.storyboard */; };
		FA9EB6682804676200AC80F3 /* Assets.xcassets in Resources */ = {isa = PBXBuildFile; fileRef = FA9EB6672804676200AC80F3 /* Assets.xcassets */; };
		FA9EB66B2804676200AC80F3 /* LaunchScreen.storyboard in Resources */ = {isa = PBXBuildFile; fileRef = FA9EB6692804676200AC80F3 /* LaunchScreen.storyboard */; };
		FA9EB67428095E6200AC80F3 /* MyGroupsController.swift in Sources */ = {isa = PBXBuildFile; fileRef = FA9EB67328095E6200AC80F3 /* MyGroupsController.swift */; };
		FA9EB67628095E8D00AC80F3 /* MyGroupsCell.swift in Sources */ = {isa = PBXBuildFile; fileRef = FA9EB67528095E8D00AC80F3 /* MyGroupsCell.swift */; };
		FA9EB67A2809B9ED00AC80F3 /* AllGroupsController.swift in Sources */ = {isa = PBXBuildFile; fileRef = FA9EB6792809B9ED00AC80F3 /* AllGroupsController.swift */; };
		FA9EB67C2809BD6400AC80F3 /* AllGroupCell.swift in Sources */ = {isa = PBXBuildFile; fileRef = FA9EB67B2809BD6400AC80F3 /* AllGroupCell.swift */; };
		FAA4D463280A036200BDDB17 /* FriendsTableViewCell.swift in Sources */ = {isa = PBXBuildFile; fileRef = FAA4D462280A036200BDDB17 /* FriendsTableViewCell.swift */; };
		FAB6E18A283E767D00731E5A /* CustomNavigationController.swift in Sources */ = {isa = PBXBuildFile; fileRef = FAB6E189283E767D00731E5A /* CustomNavigationController.swift */; };
		FAB6E18C283E97B000731E5A /* Push&PopAnimator.swift in Sources */ = {isa = PBXBuildFile; fileRef = FAB6E18B283E97B000731E5A /* Push&PopAnimator.swift */; };
		FAB6E1C22842AA4900731E5A /* SessionSinglton.swift in Sources */ = {isa = PBXBuildFile; fileRef = FAB6E1C12842AA4900731E5A /* SessionSinglton.swift */; };
		FABF521328474D4500B66296 /* LoginViewController.swift in Sources */ = {isa = PBXBuildFile; fileRef = FABF521228474D4500B66296 /* LoginViewController.swift */; };
		FAC296F82858C54600AE792F /* Constants.swift in Sources */ = {isa = PBXBuildFile; fileRef = FAC296F72858C54600AE792F /* Constants.swift */; };
		FAC297422865182200AE792F /* AvailableGroups.swift in Sources */ = {isa = PBXBuildFile; fileRef = FAC297412865182200AE792F /* AvailableGroups.swift */; };
		FAC29744286B5CC500AE792F /* RealmCacheService.swift in Sources */ = {isa = PBXBuildFile; fileRef = FAC29743286B5CC500AE792F /* RealmCacheService.swift */; };
		FAC29746286C67CC00AE792F /* JoinOrLeaveGroup.swift in Sources */ = {isa = PBXBuildFile; fileRef = FAC29745286C67CC00AE792F /* JoinOrLeaveGroup.swift */; };
		FAC29748286E050E00AE792F /* GoogleService-Info.plist in Resources */ = {isa = PBXBuildFile; fileRef = FAC29747286E050E00AE792F /* GoogleService-Info.plist */; };
		FAC2974A286E0C7200AE792F /* FirebaseCommunities.swift in Sources */ = {isa = PBXBuildFile; fileRef = FAC29749286E0C7200AE792F /* FirebaseCommunities.swift */; };
		FAC2974D2872D59D00AE792F /* ImageCacheService.swift in Sources */ = {isa = PBXBuildFile; fileRef = FAC2974C2872D59D00AE792F /* ImageCacheService.swift */; };
		FAC297512872DA5B00AE792F /* ImageLoaderHelper.swift in Sources */ = {isa = PBXBuildFile; fileRef = FAC297502872DA5B00AE792F /* ImageLoaderHelper.swift */; };
		FAC297532872DAB900AE792F /* ImageLoaderService.swift in Sources */ = {isa = PBXBuildFile; fileRef = FAC297522872DAB900AE792F /* ImageLoaderService.swift */; };
		FAC5F1CD280EB87800FA2A0E /* Model.swift in Sources */ = {isa = PBXBuildFile; fileRef = FAC5F1CC280EB87800FA2A0E /* Model.swift */; };
		FAC5F1CF280EE5E600FA2A0E /* avatarUIView.swift in Sources */ = {isa = PBXBuildFile; fileRef = FAC5F1CE280EE5E600FA2A0E /* avatarUIView.swift */; };
		FAC5F1D1280EFB6D00FA2A0E /* LikeControl.swift in Sources */ = {isa = PBXBuildFile; fileRef = FAC5F1D0280EFB6D00FA2A0E /* LikeControl.swift */; };
		FAC5F1D3280F3A4F00FA2A0E /* WeekDay.swift in Sources */ = {isa = PBXBuildFile; fileRef = FAC5F1D2280F3A4F00FA2A0E /* WeekDay.swift */; };
		FADC49AB280AE5090048E74F /* PhotoFriendsCoollectionVC.swift in Sources */ = {isa = PBXBuildFile; fileRef = FADC49AA280AE5090048E74F /* PhotoFriendsCoollectionVC.swift */; };
		FADC49AD280AE51E0048E74F /* PhotoCollectionVCell.swift in Sources */ = {isa = PBXBuildFile; fileRef = FADC49AC280AE51E0048E74F /* PhotoCollectionVCell.swift */; };
		FAF81FFD2809E92100E74BB4 /* FriendsController.swift in Sources */ = {isa = PBXBuildFile; fileRef = FAF81FFC2809E92100E74BB4 /* FriendsController.swift */; };
/* End PBXBuildFile section */

/* Begin PBXFileReference section */
		0BDF41ED9619F4086A314325 /* Pods-Pozolotina_VK.release.xcconfig */ = {isa = PBXFileReference; includeInIndex = 1; lastKnownFileType = text.xcconfig; name = "Pods-Pozolotina_VK.release.xcconfig"; path = "Target Support Files/Pods-Pozolotina_VK/Pods-Pozolotina_VK.release.xcconfig"; sourceTree = "<group>"; };
		218C571A0B8FA86129227649 /* Pods_Pozolotina_VK.framework */ = {isa = PBXFileReference; explicitFileType = wrapper.framework; includeInIndex = 0; path = Pods_Pozolotina_VK.framework; sourceTree = BUILT_PRODUCTS_DIR; };
		59C7093F622916E1AE4A1820 /* Pods-Pozolotina_VK.debug.xcconfig */ = {isa = PBXFileReference; includeInIndex = 1; lastKnownFileType = text.xcconfig; name = "Pods-Pozolotina_VK.debug.xcconfig"; path = "Target Support Files/Pods-Pozolotina_VK/Pods-Pozolotina_VK.debug.xcconfig"; sourceTree = "<group>"; };
		F7BE13AE28180A13006950E7 /* AvatarsView.swift */ = {isa = PBXFileReference; lastKnownFileType = sourcecode.swift; path = AvatarsView.swift; sourceTree = "<group>"; };
		FA1742FA284CA0ED00341868 /* FriendService.swift */ = {isa = PBXFileReference; lastKnownFileType = sourcecode.swift; path = FriendService.swift; sourceTree = "<group>"; };
		FA1742FF284CA74B00341868 /* PhotoService.swift */ = {isa = PBXFileReference; lastKnownFileType = sourcecode.swift; path = PhotoService.swift; sourceTree = "<group>"; };
		FA174301284CA83100341868 /* GroupService.swift */ = {isa = PBXFileReference; lastKnownFileType = sourcecode.swift; path = GroupService.swift; sourceTree = "<group>"; };
		FA174303284CAB1800341868 /* SearchGroupService.swift */ = {isa = PBXFileReference; lastKnownFileType = sourcecode.swift; path = SearchGroupService.swift; sourceTree = "<group>"; };
		FA174305284CAEA600341868 /* User.swift */ = {isa = PBXFileReference; lastKnownFileType = sourcecode.swift; path = User.swift; sourceTree = "<group>"; };
		FA174308284F43DE00341868 /* Photos.swift */ = {isa = PBXFileReference; lastKnownFileType = sourcecode.swift; path = Photos.swift; sourceTree = "<group>"; };
		FA17430A284F8AD200341868 /* Group.swift */ = {isa = PBXFileReference; lastKnownFileType = sourcecode.swift; path = Group.swift; sourceTree = "<group>"; };
		FA17430D284FCADB00341868 /* extensions.swift */ = {isa = PBXFileReference; lastKnownFileType = sourcecode.swift; path = extensions.swift; sourceTree = "<group>"; };
		FA3712AB2811C9A7007D9423 /* ViewController.swift */ = {isa = PBXFileReference; lastKnownFileType = sourcecode.swift; path = ViewController.swift; sourceTree = "<group>"; };
		FA3712AD2811DE85007D9423 /* FriendsTableVC.swift */ = {isa = PBXFileReference; lastKnownFileType = sourcecode.swift; path = FriendsTableVC.swift; sourceTree = "<group>"; };
		FA3712B0281881B6007D9423 /* NewsTableViewCell.swift */ = {isa = PBXFileReference; lastKnownFileType = sourcecode.swift; path = NewsTableViewCell.swift; sourceTree = "<group>"; };
		FA3712B2281885D6007D9423 /* NewsTableVC.swift */ = {isa = PBXFileReference; lastKnownFileType = sourcecode.swift; path = NewsTableVC.swift; sourceTree = "<group>"; };
		FA3712B528192B88007D9423 /* LikeControlForNews.swift */ = {isa = PBXFileReference; lastKnownFileType = sourcecode.swift; path = LikeControlForNews.swift; sourceTree = "<group>"; };
		FA3712B7281966CB007D9423 /* MyCustomHeader.swift */ = {isa = PBXFileReference; lastKnownFileType = sourcecode.swift; path = MyCustomHeader.swift; sourceTree = "<group>"; };
		FA3712BA281AA770007D9423 /* MyCellForNews.xib */ = {isa = PBXFileReference; lastKnownFileType = file.xib; path = MyCellForNews.xib; sourceTree = "<group>"; };
		FA3712BE281AB817007D9423 /* MyCellForNews.swift */ = {isa = PBXFileReference; lastKnownFileType = sourcecode.swift; path = MyCellForNews.swift; sourceTree = "<group>"; };
		FA3712C0281AB9A0007D9423 /* CommentTableView.swift */ = {isa = PBXFileReference; lastKnownFileType = sourcecode.swift; path = CommentTableView.swift; sourceTree = "<group>"; };
		FA3712C2281B05CE007D9423 /* CommentCell.swift */ = {isa = PBXFileReference; lastKnownFileType = sourcecode.swift; path = CommentCell.swift; sourceTree = "<group>"; };
		FA3712E4281EC061007D9423 /* loadingPageViewController.swift */ = {isa = PBXFileReference; lastKnownFileType = sourcecode.swift; path = loadingPageViewController.swift; sourceTree = "<group>"; };
		FA3712EE282D41DF007D9423 /* swipeViewController.swift */ = {isa = PBXFileReference; lastKnownFileType = sourcecode.swift; path = swipeViewController.swift; sourceTree = "<group>"; };
		FA3712FE28366EDC007D9423 /* cloudViewController.swift */ = {isa = PBXFileReference; lastKnownFileType = sourcecode.swift; path = cloudViewController.swift; sourceTree = "<group>"; };
		FA3713002837E52B007D9423 /* FriendViewController.swift */ = {isa = PBXFileReference; lastKnownFileType = sourcecode.swift; path = FriendViewController.swift; sourceTree = "<group>"; };
		FA9EB65B2804676200AC80F3 /* Pozolotina_VK.app */ = {isa = PBXFileReference; explicitFileType = wrapper.application; includeInIndex = 0; path = Pozolotina_VK.app; sourceTree = BUILT_PRODUCTS_DIR; };
		FA9EB65E2804676200AC80F3 /* AppDelegate.swift */ = {isa = PBXFileReference; lastKnownFileType = sourcecode.swift; path = AppDelegate.swift; sourceTree = "<group>"; };
		FA9EB6602804676200AC80F3 /* SceneDelegate.swift */ = {isa = PBXFileReference; lastKnownFileType = sourcecode.swift; path = SceneDelegate.swift; sourceTree = "<group>"; };
		FA9EB6652804676200AC80F3 /* Base */ = {isa = PBXFileReference; lastKnownFileType = file.storyboard; name = Base; path = Base.lproj/Main.storyboard; sourceTree = "<group>"; };
		FA9EB6672804676200AC80F3 /* Assets.xcassets */ = {isa = PBXFileReference; lastKnownFileType = folder.assetcatalog; path = Assets.xcassets; sourceTree = "<group>"; };
		FA9EB66A2804676200AC80F3 /* Base */ = {isa = PBXFileReference; lastKnownFileType = file.storyboard; name = Base; path = Base.lproj/LaunchScreen.storyboard; sourceTree = "<group>"; };
		FA9EB66C2804676200AC80F3 /* Info.plist */ = {isa = PBXFileReference; lastKnownFileType = text.plist.xml; path = Info.plist; sourceTree = "<group>"; };
		FA9EB67328095E6200AC80F3 /* MyGroupsController.swift */ = {isa = PBXFileReference; lastKnownFileType = sourcecode.swift; path = MyGroupsController.swift; sourceTree = "<group>"; };
		FA9EB67528095E8D00AC80F3 /* MyGroupsCell.swift */ = {isa = PBXFileReference; lastKnownFileType = sourcecode.swift; path = MyGroupsCell.swift; sourceTree = "<group>"; };
		FA9EB6792809B9ED00AC80F3 /* AllGroupsController.swift */ = {isa = PBXFileReference; lastKnownFileType = sourcecode.swift; path = AllGroupsController.swift; sourceTree = "<group>"; };
		FA9EB67B2809BD6400AC80F3 /* AllGroupCell.swift */ = {isa = PBXFileReference; lastKnownFileType = sourcecode.swift; path = AllGroupCell.swift; sourceTree = "<group>"; };
		FAA4D462280A036200BDDB17 /* FriendsTableViewCell.swift */ = {isa = PBXFileReference; lastKnownFileType = sourcecode.swift; path = FriendsTableViewCell.swift; sourceTree = "<group>"; };
		FAB6E189283E767D00731E5A /* CustomNavigationController.swift */ = {isa = PBXFileReference; lastKnownFileType = sourcecode.swift; path = CustomNavigationController.swift; sourceTree = "<group>"; };
		FAB6E18B283E97B000731E5A /* Push&PopAnimator.swift */ = {isa = PBXFileReference; lastKnownFileType = sourcecode.swift; path = "Push&PopAnimator.swift"; sourceTree = "<group>"; };
		FAB6E1C12842AA4900731E5A /* SessionSinglton.swift */ = {isa = PBXFileReference; lastKnownFileType = sourcecode.swift; path = SessionSinglton.swift; sourceTree = "<group>"; };
		FABF521228474D4500B66296 /* LoginViewController.swift */ = {isa = PBXFileReference; lastKnownFileType = sourcecode.swift; path = LoginViewController.swift; sourceTree = "<group>"; };
		FAC296F72858C54600AE792F /* Constants.swift */ = {isa = PBXFileReference; lastKnownFileType = sourcecode.swift; path = Constants.swift; sourceTree = "<group>"; };
		FAC297412865182200AE792F /* AvailableGroups.swift */ = {isa = PBXFileReference; lastKnownFileType = sourcecode.swift; path = AvailableGroups.swift; sourceTree = "<group>"; };
		FAC29743286B5CC500AE792F /* RealmCacheService.swift */ = {isa = PBXFileReference; lastKnownFileType = sourcecode.swift; path = RealmCacheService.swift; sourceTree = "<group>"; };
		FAC29745286C67CC00AE792F /* JoinOrLeaveGroup.swift */ = {isa = PBXFileReference; lastKnownFileType = sourcecode.swift; path = JoinOrLeaveGroup.swift; sourceTree = "<group>"; };
		FAC29747286E050E00AE792F /* GoogleService-Info.plist */ = {isa = PBXFileReference; fileEncoding = 4; lastKnownFileType = text.plist.xml; path = "GoogleService-Info.plist"; sourceTree = "<group>"; };
		FAC29749286E0C7200AE792F /* FirebaseCommunities.swift */ = {isa = PBXFileReference; lastKnownFileType = sourcecode.swift; path = FirebaseCommunities.swift; sourceTree = "<group>"; };
		FAC2974C2872D59D00AE792F /* ImageCacheService.swift */ = {isa = PBXFileReference; lastKnownFileType = sourcecode.swift; path = ImageCacheService.swift; sourceTree = "<group>"; };
		FAC297502872DA5B00AE792F /* ImageLoaderHelper.swift */ = {isa = PBXFileReference; lastKnownFileType = sourcecode.swift; path = ImageLoaderHelper.swift; sourceTree = "<group>"; };
		FAC297522872DAB900AE792F /* ImageLoaderService.swift */ = {isa = PBXFileReference; lastKnownFileType = sourcecode.swift; path = ImageLoaderService.swift; sourceTree = "<group>"; };
		FAC5F1CC280EB87800FA2A0E /* Model.swift */ = {isa = PBXFileReference; lastKnownFileType = sourcecode.swift; path = Model.swift; sourceTree = "<group>"; };
		FAC5F1CE280EE5E600FA2A0E /* avatarUIView.swift */ = {isa = PBXFileReference; lastKnownFileType = sourcecode.swift; path = avatarUIView.swift; sourceTree = "<group>"; };
		FAC5F1D0280EFB6D00FA2A0E /* LikeControl.swift */ = {isa = PBXFileReference; lastKnownFileType = sourcecode.swift; path = LikeControl.swift; sourceTree = "<group>"; };
		FAC5F1D2280F3A4F00FA2A0E /* WeekDay.swift */ = {isa = PBXFileReference; lastKnownFileType = sourcecode.swift; path = WeekDay.swift; sourceTree = "<group>"; };
		FADC49AA280AE5090048E74F /* PhotoFriendsCoollectionVC.swift */ = {isa = PBXFileReference; lastKnownFileType = sourcecode.swift; path = PhotoFriendsCoollectionVC.swift; sourceTree = "<group>"; };
		FADC49AC280AE51E0048E74F /* PhotoCollectionVCell.swift */ = {isa = PBXFileReference; lastKnownFileType = sourcecode.swift; path = PhotoCollectionVCell.swift; sourceTree = "<group>"; };
		FAF81FFC2809E92100E74BB4 /* FriendsController.swift */ = {isa = PBXFileReference; lastKnownFileType = sourcecode.swift; lineEnding = 1; path = FriendsController.swift; sourceTree = "<group>"; };
/* End PBXFileReference section */

/* Begin PBXFrameworksBuildPhase section */
		FA9EB6582804676200AC80F3 /* Frameworks */ = {
			isa = PBXFrameworksBuildPhase;
			buildActionMask = 2147483647;
			files = (
				323759D7C043510B87D6FA51 /* Pods_Pozolotina_VK.framework in Frameworks */,
			);
			runOnlyForDeploymentPostprocessing = 0;
		};
/* End PBXFrameworksBuildPhase section */

/* Begin PBXGroup section */
		46EDAE5AF12F5DE9159251CB /* Frameworks */ = {
			isa = PBXGroup;
			children = (
				218C571A0B8FA86129227649 /* Pods_Pozolotina_VK.framework */,
			);
			name = Frameworks;
			sourceTree = "<group>";
		};
		E0C6CD11F916FD28C9531BB1 /* Pods */ = {
			isa = PBXGroup;
			children = (
				59C7093F622916E1AE4A1820 /* Pods-Pozolotina_VK.debug.xcconfig */,
				0BDF41ED9619F4086A314325 /* Pods-Pozolotina_VK.release.xcconfig */,
			);
			path = Pods;
			sourceTree = "<group>";
		};
		F7BE13B028180A5D006950E7 /* View */ = {
			isa = PBXGroup;
			children = (
				FAC5F1D0280EFB6D00FA2A0E /* LikeControl.swift */,
				F7BE13AE28180A13006950E7 /* AvatarsView.swift */,
				FA3712B528192B88007D9423 /* LikeControlForNews.swift */,
				FA3712B7281966CB007D9423 /* MyCustomHeader.swift */,
			);
			path = View;
			sourceTree = "<group>";
		};
		F7BE13B128181BEB006950E7 /* OldFiles */ = {
			isa = PBXGroup;
			children = (
				FA3712AB2811C9A7007D9423 /* ViewController.swift */,
				FA3712AD2811DE85007D9423 /* FriendsTableVC.swift */,
				FAF81FFC2809E92100E74BB4 /* FriendsController.swift */,
				FAC5F1CE280EE5E600FA2A0E /* avatarUIView.swift */,
				FAC5F1D2280F3A4F00FA2A0E /* WeekDay.swift */,
			);
			path = OldFiles;
			sourceTree = "<group>";
		};
		F7BE13B22818201E006950E7 /* Model */ = {
			isa = PBXGroup;
			children = (
				FAC5F1CC280EB87800FA2A0E /* Model.swift */,
				FA3712BA281AA770007D9423 /* MyCellForNews.xib */,
				FA3712BE281AB817007D9423 /* MyCellForNews.swift */,
			);
			path = Model;
			sourceTree = "<group>";
		};
		FA1742F8284A195600341868 /* AppFiles */ = {
			isa = PBXGroup;
			children = (
				FA9EB6602804676200AC80F3 /* SceneDelegate.swift */,
				FA9EB65E2804676200AC80F3 /* AppDelegate.swift */,
			);
			path = AppFiles;
			sourceTree = "<group>";
		};
		FA1742FE284CA6F300341868 /* Session */ = {
			isa = PBXGroup;
			children = (
				FAB6E1C12842AA4900731E5A /* SessionSinglton.swift */,
			);
			path = Session;
			sourceTree = "<group>";
		};
		FA17430C284FCAB600341868 /* Extensions */ = {
			isa = PBXGroup;
			children = (
				FA17430D284FCADB00341868 /* extensions.swift */,
			);
			path = Extensions;
			sourceTree = "<group>";
		};
		FA17430F284FCCC500341868 /* PhotoScene */ = {
			isa = PBXGroup;
			children = (
				FA174319284FE27000341868 /* View+PresentationLayer */,
				FA174314284FD2BB00341868 /* PhotoService */,
				FA174310284FCCF700341868 /* SwipeScene */,
			);
			path = PhotoScene;
			sourceTree = "<group>";
		};
		FA174310284FCCF700341868 /* SwipeScene */ = {
			isa = PBXGroup;
			children = (
				FA3712EE282D41DF007D9423 /* swipeViewController.swift */,
			);
			path = SwipeScene;
			sourceTree = "<group>";
		};
		FA174311284FD0E300341868 /* TabBarScene */ = {
			isa = PBXGroup;
			children = (
				FAF81FF92809E8C400E74BB4 /* FriendsScene */,
				FA9EB67228095E0100AC80F3 /* GroupScene */,
				FA3712AF2818817D007D9423 /* NewsScene */,
			);
			path = TabBarScene;
			sourceTree = "<group>";
		};
		FA174312284FD22900341868 /* FriendService */ = {
			isa = PBXGroup;
			children = (
				FA174315284FD32100341868 /* Model */,
				FA1742FA284CA0ED00341868 /* FriendService.swift */,
			);
			path = FriendService;
			sourceTree = "<group>";
		};
		FA174313284FD24E00341868 /* View+PresentationLayer */ = {
			isa = PBXGroup;
			children = (
				FA3713002837E52B007D9423 /* FriendViewController.swift */,
				FAA4D462280A036200BDDB17 /* FriendsTableViewCell.swift */,
			);
			path = "View+PresentationLayer";
			sourceTree = "<group>";
		};
		FA174314284FD2BB00341868 /* PhotoService */ = {
			isa = PBXGroup;
			children = (
				FA174316284FE05000341868 /* Model */,
				FA1742FF284CA74B00341868 /* PhotoService.swift */,
			);
			path = PhotoService;
			sourceTree = "<group>";
		};
		FA174315284FD32100341868 /* Model */ = {
			isa = PBXGroup;
			children = (
				FA174305284CAEA600341868 /* User.swift */,
			);
			path = Model;
			sourceTree = "<group>";
		};
		FA174316284FE05000341868 /* Model */ = {
			isa = PBXGroup;
			children = (
				FA174308284F43DE00341868 /* Photos.swift */,
			);
			path = Model;
			sourceTree = "<group>";
		};
		FA174317284FE07D00341868 /* GroupService */ = {
			isa = PBXGroup;
			children = (
				FA174318284FE09500341868 /* Model */,
				FA174301284CA83100341868 /* GroupService.swift */,
				FAC29749286E0C7200AE792F /* FirebaseCommunities.swift */,
			);
			path = GroupService;
			sourceTree = "<group>";
		};
		FA174318284FE09500341868 /* Model */ = {
			isa = PBXGroup;
			children = (
				FA17430A284F8AD200341868 /* Group.swift */,
				FAC29745286C67CC00AE792F /* JoinOrLeaveGroup.swift */,
			);
			path = Model;
			sourceTree = "<group>";
		};
		FA174319284FE27000341868 /* View+PresentationLayer */ = {
			isa = PBXGroup;
			children = (
				FADC49AA280AE5090048E74F /* PhotoFriendsCoollectionVC.swift */,
				FADC49AC280AE51E0048E74F /* PhotoCollectionVCell.swift */,
			);
			path = "View+PresentationLayer";
			sourceTree = "<group>";
		};
		FA17431A284FE2FA00341868 /* View+PresentationLayer */ = {
			isa = PBXGroup;
			children = (
				FA9EB67328095E6200AC80F3 /* MyGroupsController.swift */,
				FA9EB67528095E8D00AC80F3 /* MyGroupsCell.swift */,
			);
			path = "View+PresentationLayer";
			sourceTree = "<group>";
		};
		FA17431B284FE35700341868 /* View+PresentationLayer */ = {
			isa = PBXGroup;
			children = (
				FA9EB6792809B9ED00AC80F3 /* AllGroupsController.swift */,
				FA9EB67B2809BD6400AC80F3 /* AllGroupCell.swift */,
			);
			path = "View+PresentationLayer";
			sourceTree = "<group>";
		};
		FA17431C284FE37100341868 /* AllGroupsService */ = {
			isa = PBXGroup;
			children = (
				FAC29740286517FE00AE792F /* Model */,
				FA174303284CAB1800341868 /* SearchGroupService.swift */,
			);
			path = AllGroupsService;
			sourceTree = "<group>";
		};
		FA3712AF2818817D007D9423 /* NewsScene */ = {
			isa = PBXGroup;
			children = (
				FA3712B2281885D6007D9423 /* NewsTableVC.swift */,
				FA3712B0281881B6007D9423 /* NewsTableViewCell.swift */,
				FA3712B9281AA0EC007D9423 /* CommentScene */,
			);
			path = NewsScene;
			sourceTree = "<group>";
		};
		FA3712B9281AA0EC007D9423 /* CommentScene */ = {
			isa = PBXGroup;
			children = (
				FA3712C0281AB9A0007D9423 /* CommentTableView.swift */,
				FA3712C2281B05CE007D9423 /* CommentCell.swift */,
			);
			path = CommentScene;
			sourceTree = "<group>";
		};
		FA9EB6522804676200AC80F3 = {
			isa = PBXGroup;
			children = (
				FA9EB65D2804676200AC80F3 /* Pozolotina_VK */,
				FA9EB65C2804676200AC80F3 /* Products */,
				E0C6CD11F916FD28C9531BB1 /* Pods */,
				46EDAE5AF12F5DE9159251CB /* Frameworks */,
			);
			sourceTree = "<group>";
		};
		FA9EB65C2804676200AC80F3 /* Products */ = {
			isa = PBXGroup;
			children = (
				FA9EB65B2804676200AC80F3 /* Pozolotina_VK.app */,
			);
			name = Products;
			sourceTree = "<group>";
		};
		FA9EB65D2804676200AC80F3 /* Pozolotina_VK */ = {
			isa = PBXGroup;
			children = (
				FAC296F62858C52700AE792F /* Common */,
				FA17430C284FCAB600341868 /* Extensions */,
				FABF521128474C8000B66296 /* LoginScene */,
				FA1742FE284CA6F300341868 /* Session */,
				FA174311284FD0E300341868 /* TabBarScene */,
				F7BE13B028180A5D006950E7 /* View */,
				F7BE13B22818201E006950E7 /* Model */,
				FA1742F8284A195600341868 /* AppFiles */,
				FAB6E188283E765600731E5A /* SegueAnimation */,
				F7BE13B128181BEB006950E7 /* OldFiles */,
				FA9EB6642804676200AC80F3 /* Main.storyboard */,
				FA9EB6672804676200AC80F3 /* Assets.xcassets */,
				FA9EB6692804676200AC80F3 /* LaunchScreen.storyboard */,
				FAC29747286E050E00AE792F /* GoogleService-Info.plist */,
				FA9EB66C2804676200AC80F3 /* Info.plist */,
				FA3712E4281EC061007D9423 /* loadingPageViewController.swift */,
				FA3712FE28366EDC007D9423 /* cloudViewController.swift */,
			);
			path = Pozolotina_VK;
			sourceTree = "<group>";
		};
		FA9EB67228095E0100AC80F3 /* GroupScene */ = {
			isa = PBXGroup;
			children = (
				FA17431A284FE2FA00341868 /* View+PresentationLayer */,
				FA174317284FE07D00341868 /* GroupService */,
				FA9EB6782809B95D00AC80F3 /* AllGroupScene */,
			);
			path = GroupScene;
			sourceTree = "<group>";
		};
		FA9EB6782809B95D00AC80F3 /* AllGroupScene */ = {
			isa = PBXGroup;
			children = (
				FA17431B284FE35700341868 /* View+PresentationLayer */,
				FA17431C284FE37100341868 /* AllGroupsService */,
			);
			path = AllGroupScene;
			sourceTree = "<group>";
		};
		FAB6E188283E765600731E5A /* SegueAnimation */ = {
			isa = PBXGroup;
			children = (
				FAB6E189283E767D00731E5A /* CustomNavigationController.swift */,
				FAB6E18B283E97B000731E5A /* Push&PopAnimator.swift */,
			);
			path = SegueAnimation;
			sourceTree = "<group>";
		};
		FABF521128474C8000B66296 /* LoginScene */ = {
			isa = PBXGroup;
			children = (
				FABF521228474D4500B66296 /* LoginViewController.swift */,
			);
			path = LoginScene;
			sourceTree = "<group>";
		};
		FAC296F62858C52700AE792F /* Common */ = {
			isa = PBXGroup;
			children = (
				FAC297542872E43600AE792F /* UI */,
				FAC296F72858C54600AE792F /* Constants.swift */,
				FAC29743286B5CC500AE792F /* RealmCacheService.swift */,
			);
			path = Common;
			sourceTree = "<group>";
		};
		FAC29740286517FE00AE792F /* Model */ = {
			isa = PBXGroup;
			children = (
				FAC297412865182200AE792F /* AvailableGroups.swift */,
			);
			path = Model;
			sourceTree = "<group>";
		};
		FAC2974B2872D58200AE792F /* ImageCacheService */ = {
			isa = PBXGroup;
			children = (
				FAC2974C2872D59D00AE792F /* ImageCacheService.swift */,
			);
			path = ImageCacheService;
			sourceTree = "<group>";
		};
		FAC2974F2872DA3A00AE792F /* ImageLoaderHelper */ = {
			isa = PBXGroup;
			children = (
				FAC297502872DA5B00AE792F /* ImageLoaderHelper.swift */,
				FAC297522872DAB900AE792F /* ImageLoaderService.swift */,
			);
			path = ImageLoaderHelper;
			sourceTree = "<group>";
		};
		FAC297542872E43600AE792F /* UI */ = {
			isa = PBXGroup;
			children = (
				FAC2974B2872D58200AE792F /* ImageCacheService */,
				FAC2974F2872DA3A00AE792F /* ImageLoaderHelper */,
			);
			path = UI;
			sourceTree = "<group>";
		};
		FAF81FF92809E8C400E74BB4 /* FriendsScene */ = {
			isa = PBXGroup;
			children = (
				FA174313284FD24E00341868 /* View+PresentationLayer */,
				FA174312284FD22900341868 /* FriendService */,
				FA17430F284FCCC500341868 /* PhotoScene */,
			);
			path = FriendsScene;
			sourceTree = "<group>";
		};
/* End PBXGroup section */

/* Begin PBXNativeTarget section */
		FA9EB65A2804676200AC80F3 /* Pozolotina_VK */ = {
			isa = PBXNativeTarget;
			buildConfigurationList = FA9EB66F2804676200AC80F3 /* Build configuration list for PBXNativeTarget "Pozolotina_VK" */;
			buildPhases = (
				66CD60FB000114FCAEC44837 /* [CP] Check Pods Manifest.lock */,
				FA9EB6572804676200AC80F3 /* Sources */,
				FA9EB6582804676200AC80F3 /* Frameworks */,
				FA9EB6592804676200AC80F3 /* Resources */,
				136A3AB742FE8C996D04484F /* [CP] Embed Pods Frameworks */,
			);
			buildRules = (
			);
			dependencies = (
			);
			name = Pozolotina_VK;
			productName = Pozolotina_VK;
			productReference = FA9EB65B2804676200AC80F3 /* Pozolotina_VK.app */;
			productType = "com.apple.product-type.application";
		};
/* End PBXNativeTarget section */

/* Begin PBXProject section */
		FA9EB6532804676200AC80F3 /* Project object */ = {
			isa = PBXProject;
			attributes = {
				BuildIndependentTargetsInParallel = 1;
				LastSwiftUpdateCheck = 1330;
				LastUpgradeCheck = 1330;
				TargetAttributes = {
					FA9EB65A2804676200AC80F3 = {
						CreatedOnToolsVersion = 13.3;
					};
				};
			};
			buildConfigurationList = FA9EB6562804676200AC80F3 /* Build configuration list for PBXProject "Pozolotina_VK" */;
			compatibilityVersion = "Xcode 13.0";
			developmentRegion = en;
			hasScannedForEncodings = 0;
			knownRegions = (
				en,
				Base,
			);
			mainGroup = FA9EB6522804676200AC80F3;
			productRefGroup = FA9EB65C2804676200AC80F3 /* Products */;
			projectDirPath = "";
			projectRoot = "";
			targets = (
				FA9EB65A2804676200AC80F3 /* Pozolotina_VK */,
			);
		};
/* End PBXProject section */

/* Begin PBXResourcesBuildPhase section */
		FA9EB6592804676200AC80F3 /* Resources */ = {
			isa = PBXResourcesBuildPhase;
			buildActionMask = 2147483647;
			files = (
				FA3712BB281AA770007D9423 /* MyCellForNews.xib in Resources */,
				FA9EB66B2804676200AC80F3 /* LaunchScreen.storyboard in Resources */,
				FAC29748286E050E00AE792F /* GoogleService-Info.plist in Resources */,
				FA9EB6682804676200AC80F3 /* Assets.xcassets in Resources */,
				FA9EB6662804676200AC80F3 /* Main.storyboard in Resources */,
			);
			runOnlyForDeploymentPostprocessing = 0;
		};
/* End PBXResourcesBuildPhase section */

/* Begin PBXShellScriptBuildPhase section */
		136A3AB742FE8C996D04484F /* [CP] Embed Pods Frameworks */ = {
			isa = PBXShellScriptBuildPhase;
			buildActionMask = 2147483647;
			files = (
			);
			inputFileListPaths = (
				"${PODS_ROOT}/Target Support Files/Pods-Pozolotina_VK/Pods-Pozolotina_VK-frameworks-${CONFIGURATION}-input-files.xcfilelist",
			);
			name = "[CP] Embed Pods Frameworks";
			outputFileListPaths = (
				"${PODS_ROOT}/Target Support Files/Pods-Pozolotina_VK/Pods-Pozolotina_VK-frameworks-${CONFIGURATION}-output-files.xcfilelist",
			);
			runOnlyForDeploymentPostprocessing = 0;
			shellPath = /bin/sh;
			shellScript = "\"${PODS_ROOT}/Target Support Files/Pods-Pozolotina_VK/Pods-Pozolotina_VK-frameworks.sh\"\n";
			showEnvVarsInLog = 0;
		};
		66CD60FB000114FCAEC44837 /* [CP] Check Pods Manifest.lock */ = {
			isa = PBXShellScriptBuildPhase;
			buildActionMask = 2147483647;
			files = (
			);
			inputFileListPaths = (
			);
			inputPaths = (
				"${PODS_PODFILE_DIR_PATH}/Podfile.lock",
				"${PODS_ROOT}/Manifest.lock",
			);
			name = "[CP] Check Pods Manifest.lock";
			outputFileListPaths = (
			);
			outputPaths = (
				"$(DERIVED_FILE_DIR)/Pods-Pozolotina_VK-checkManifestLockResult.txt",
			);
			runOnlyForDeploymentPostprocessing = 0;
			shellPath = /bin/sh;
			shellScript = "diff \"${PODS_PODFILE_DIR_PATH}/Podfile.lock\" \"${PODS_ROOT}/Manifest.lock\" > /dev/null\nif [ $? != 0 ] ; then\n    # print error to STDERR\n    echo \"error: The sandbox is not in sync with the Podfile.lock. Run 'pod install' or update your CocoaPods installation.\" >&2\n    exit 1\nfi\n# This output is used by Xcode 'outputs' to avoid re-running this script phase.\necho \"SUCCESS\" > \"${SCRIPT_OUTPUT_FILE_0}\"\n";
			showEnvVarsInLog = 0;
		};
/* End PBXShellScriptBuildPhase section */

/* Begin PBXSourcesBuildPhase section */
		FA9EB6572804676200AC80F3 /* Sources */ = {
			isa = PBXSourcesBuildPhase;
			buildActionMask = 2147483647;
			files = (
				FA3712AC2811C9A7007D9423 /* ViewController.swift in Sources */,
				FA9EB67628095E8D00AC80F3 /* MyGroupsCell.swift in Sources */,
				FA3712B8281966CB007D9423 /* MyCustomHeader.swift in Sources */,
				FAA4D463280A036200BDDB17 /* FriendsTableViewCell.swift in Sources */,
				FAC5F1D1280EFB6D00FA2A0E /* LikeControl.swift in Sources */,
				FA3712BF281AB817007D9423 /* MyCellForNews.swift in Sources */,
				FA17430B284F8AD200341868 /* Group.swift in Sources */,
				FA9EB67C2809BD6400AC80F3 /* AllGroupCell.swift in Sources */,
				FAC2974D2872D59D00AE792F /* ImageCacheService.swift in Sources */,
				FAB6E18C283E97B000731E5A /* Push&PopAnimator.swift in Sources */,
				FA3712FF28366EDC007D9423 /* cloudViewController.swift in Sources */,
				FAB6E18A283E767D00731E5A /* CustomNavigationController.swift in Sources */,
				FA3712B628192B88007D9423 /* LikeControlForNews.swift in Sources */,
				FADC49AD280AE51E0048E74F /* PhotoCollectionVCell.swift in Sources */,
				FABF521328474D4500B66296 /* LoginViewController.swift in Sources */,
				FAC29744286B5CC500AE792F /* RealmCacheService.swift in Sources */,
				FAC5F1CD280EB87800FA2A0E /* Model.swift in Sources */,
				FAC5F1D3280F3A4F00FA2A0E /* WeekDay.swift in Sources */,
				FA3712E5281EC061007D9423 /* loadingPageViewController.swift in Sources */,
				FA3712B1281881B6007D9423 /* NewsTableViewCell.swift in Sources */,
				FA174306284CAEA600341868 /* User.swift in Sources */,
				FA3713012837E52C007D9423 /* FriendViewController.swift in Sources */,
				FA174302284CA83100341868 /* GroupService.swift in Sources */,
				FADC49AB280AE5090048E74F /* PhotoFriendsCoollectionVC.swift in Sources */,
				FA174300284CA74B00341868 /* PhotoService.swift in Sources */,
				FA9EB65F2804676200AC80F3 /* AppDelegate.swift in Sources */,
				FAC296F82858C54600AE792F /* Constants.swift in Sources */,
				FAC297512872DA5B00AE792F /* ImageLoaderHelper.swift in Sources */,
				FA1742FB284CA0ED00341868 /* FriendService.swift in Sources */,
				FA174309284F43DE00341868 /* Photos.swift in Sources */,
				FAC297532872DAB900AE792F /* ImageLoaderService.swift in Sources */,
				FAB6E1C22842AA4900731E5A /* SessionSinglton.swift in Sources */,
				FAC5F1CF280EE5E600FA2A0E /* avatarUIView.swift in Sources */,
				F7BE13AF28180A13006950E7 /* AvatarsView.swift in Sources */,
				FAC2974A286E0C7200AE792F /* FirebaseCommunities.swift in Sources */,
				FA9EB67A2809B9ED00AC80F3 /* AllGroupsController.swift in Sources */,
				FAC29746286C67CC00AE792F /* JoinOrLeaveGroup.swift in Sources */,
				FAC297422865182200AE792F /* AvailableGroups.swift in Sources */,
				FA3712C1281AB9A0007D9423 /* CommentTableView.swift in Sources */,
				FA174304284CAB1800341868 /* SearchGroupService.swift in Sources */,
				FA3712B3281885D6007D9423 /* NewsTableVC.swift in Sources */,
				FA3712AE2811DE85007D9423 /* FriendsTableVC.swift in Sources */,
				FA9EB6612804676200AC80F3 /* SceneDelegate.swift in Sources */,
				FA17430E284FCADB00341868 /* extensions.swift in Sources */,
				FAF81FFD2809E92100E74BB4 /* FriendsController.swift in Sources */,
				FA9EB67428095E6200AC80F3 /* MyGroupsController.swift in Sources */,
				FA3712C3281B05CE007D9423 /* CommentCell.swift in Sources */,
				FA3712EF282D41DF007D9423 /* swipeViewController.swift in Sources */,
			);
			runOnlyForDeploymentPostprocessing = 0;
		};
/* End PBXSourcesBuildPhase section */

/* Begin PBXVariantGroup section */
		FA9EB6642804676200AC80F3 /* Main.storyboard */ = {
			isa = PBXVariantGroup;
			children = (
				FA9EB6652804676200AC80F3 /* Base */,
			);
			name = Main.storyboard;
			sourceTree = "<group>";
		};
		FA9EB6692804676200AC80F3 /* LaunchScreen.storyboard */ = {
			isa = PBXVariantGroup;
			children = (
				FA9EB66A2804676200AC80F3 /* Base */,
			);
			name = LaunchScreen.storyboard;
			sourceTree = "<group>";
		};
/* End PBXVariantGroup section */

/* Begin XCBuildConfiguration section */
		FA9EB66D2804676200AC80F3 /* Debug */ = {
			isa = XCBuildConfiguration;
			buildSettings = {
				ALWAYS_SEARCH_USER_PATHS = NO;
				CLANG_ANALYZER_NONNULL = YES;
				CLANG_ANALYZER_NUMBER_OBJECT_CONVERSION = YES_AGGRESSIVE;
				CLANG_CXX_LANGUAGE_STANDARD = "gnu++17";
				CLANG_ENABLE_MODULES = YES;
				CLANG_ENABLE_OBJC_ARC = YES;
				CLANG_ENABLE_OBJC_WEAK = YES;
				CLANG_WARN_BLOCK_CAPTURE_AUTORELEASING = YES;
				CLANG_WARN_BOOL_CONVERSION = YES;
				CLANG_WARN_COMMA = YES;
				CLANG_WARN_CONSTANT_CONVERSION = YES;
				CLANG_WARN_DEPRECATED_OBJC_IMPLEMENTATIONS = YES;
				CLANG_WARN_DIRECT_OBJC_ISA_USAGE = YES_ERROR;
				CLANG_WARN_DOCUMENTATION_COMMENTS = YES;
				CLANG_WARN_EMPTY_BODY = YES;
				CLANG_WARN_ENUM_CONVERSION = YES;
				CLANG_WARN_INFINITE_RECURSION = YES;
				CLANG_WARN_INT_CONVERSION = YES;
				CLANG_WARN_NON_LITERAL_NULL_CONVERSION = YES;
				CLANG_WARN_OBJC_IMPLICIT_RETAIN_SELF = YES;
				CLANG_WARN_OBJC_LITERAL_CONVERSION = YES;
				CLANG_WARN_OBJC_ROOT_CLASS = YES_ERROR;
				CLANG_WARN_QUOTED_INCLUDE_IN_FRAMEWORK_HEADER = YES;
				CLANG_WARN_RANGE_LOOP_ANALYSIS = YES;
				CLANG_WARN_STRICT_PROTOTYPES = YES;
				CLANG_WARN_SUSPICIOUS_MOVE = YES;
				CLANG_WARN_UNGUARDED_AVAILABILITY = YES_AGGRESSIVE;
				CLANG_WARN_UNREACHABLE_CODE = YES;
				CLANG_WARN__DUPLICATE_METHOD_MATCH = YES;
				COPY_PHASE_STRIP = NO;
				DEBUG_INFORMATION_FORMAT = dwarf;
				ENABLE_STRICT_OBJC_MSGSEND = YES;
				ENABLE_TESTABILITY = YES;
				GCC_C_LANGUAGE_STANDARD = gnu11;
				GCC_DYNAMIC_NO_PIC = NO;
				GCC_NO_COMMON_BLOCKS = YES;
				GCC_OPTIMIZATION_LEVEL = 0;
				GCC_PREPROCESSOR_DEFINITIONS = (
					"DEBUG=1",
					"$(inherited)",
				);
				GCC_WARN_64_TO_32_BIT_CONVERSION = YES;
				GCC_WARN_ABOUT_RETURN_TYPE = YES_ERROR;
				GCC_WARN_UNDECLARED_SELECTOR = YES;
				GCC_WARN_UNINITIALIZED_AUTOS = YES_AGGRESSIVE;
				GCC_WARN_UNUSED_FUNCTION = YES;
				GCC_WARN_UNUSED_VARIABLE = YES;
				IPHONEOS_DEPLOYMENT_TARGET = 15.4;
				MTL_ENABLE_DEBUG_INFO = INCLUDE_SOURCE;
				MTL_FAST_MATH = YES;
				ONLY_ACTIVE_ARCH = YES;
				SDKROOT = iphoneos;
				SWIFT_ACTIVE_COMPILATION_CONDITIONS = DEBUG;
				SWIFT_OPTIMIZATION_LEVEL = "-Onone";
			};
			name = Debug;
		};
		FA9EB66E2804676200AC80F3 /* Release */ = {
			isa = XCBuildConfiguration;
			buildSettings = {
				ALWAYS_SEARCH_USER_PATHS = NO;
				CLANG_ANALYZER_NONNULL = YES;
				CLANG_ANALYZER_NUMBER_OBJECT_CONVERSION = YES_AGGRESSIVE;
				CLANG_CXX_LANGUAGE_STANDARD = "gnu++17";
				CLANG_ENABLE_MODULES = YES;
				CLANG_ENABLE_OBJC_ARC = YES;
				CLANG_ENABLE_OBJC_WEAK = YES;
				CLANG_WARN_BLOCK_CAPTURE_AUTORELEASING = YES;
				CLANG_WARN_BOOL_CONVERSION = YES;
				CLANG_WARN_COMMA = YES;
				CLANG_WARN_CONSTANT_CONVERSION = YES;
				CLANG_WARN_DEPRECATED_OBJC_IMPLEMENTATIONS = YES;
				CLANG_WARN_DIRECT_OBJC_ISA_USAGE = YES_ERROR;
				CLANG_WARN_DOCUMENTATION_COMMENTS = YES;
				CLANG_WARN_EMPTY_BODY = YES;
				CLANG_WARN_ENUM_CONVERSION = YES;
				CLANG_WARN_INFINITE_RECURSION = YES;
				CLANG_WARN_INT_CONVERSION = YES;
				CLANG_WARN_NON_LITERAL_NULL_CONVERSION = YES;
				CLANG_WARN_OBJC_IMPLICIT_RETAIN_SELF = YES;
				CLANG_WARN_OBJC_LITERAL_CONVERSION = YES;
				CLANG_WARN_OBJC_ROOT_CLASS = YES_ERROR;
				CLANG_WARN_QUOTED_INCLUDE_IN_FRAMEWORK_HEADER = YES;
				CLANG_WARN_RANGE_LOOP_ANALYSIS = YES;
				CLANG_WARN_STRICT_PROTOTYPES = YES;
				CLANG_WARN_SUSPICIOUS_MOVE = YES;
				CLANG_WARN_UNGUARDED_AVAILABILITY = YES_AGGRESSIVE;
				CLANG_WARN_UNREACHABLE_CODE = YES;
				CLANG_WARN__DUPLICATE_METHOD_MATCH = YES;
				COPY_PHASE_STRIP = NO;
				DEBUG_INFORMATION_FORMAT = "dwarf-with-dsym";
				ENABLE_NS_ASSERTIONS = NO;
				ENABLE_STRICT_OBJC_MSGSEND = YES;
				GCC_C_LANGUAGE_STANDARD = gnu11;
				GCC_NO_COMMON_BLOCKS = YES;
				GCC_WARN_64_TO_32_BIT_CONVERSION = YES;
				GCC_WARN_ABOUT_RETURN_TYPE = YES_ERROR;
				GCC_WARN_UNDECLARED_SELECTOR = YES;
				GCC_WARN_UNINITIALIZED_AUTOS = YES_AGGRESSIVE;
				GCC_WARN_UNUSED_FUNCTION = YES;
				GCC_WARN_UNUSED_VARIABLE = YES;
				IPHONEOS_DEPLOYMENT_TARGET = 15.4;
				MTL_ENABLE_DEBUG_INFO = NO;
				MTL_FAST_MATH = YES;
				SDKROOT = iphoneos;
				SWIFT_COMPILATION_MODE = wholemodule;
				SWIFT_OPTIMIZATION_LEVEL = "-O";
				VALIDATE_PRODUCT = YES;
			};
			name = Release;
		};
		FA9EB6702804676200AC80F3 /* Debug */ = {
			isa = XCBuildConfiguration;
			baseConfigurationReference = 59C7093F622916E1AE4A1820 /* Pods-Pozolotina_VK.debug.xcconfig */;
			buildSettings = {
				ASSETCATALOG_COMPILER_APPICON_NAME = AppIcon;
				ASSETCATALOG_COMPILER_GLOBAL_ACCENT_COLOR_NAME = AccentColor;
				CODE_SIGN_IDENTITY = "Apple Development";
				CODE_SIGN_STYLE = Automatic;
				CURRENT_PROJECT_VERSION = 1;
				DEVELOPMENT_TEAM = CQZ4W374Y4;
				GENERATE_INFOPLIST_FILE = YES;
				INFOPLIST_FILE = Pozolotina_VK/Info.plist;
				INFOPLIST_KEY_UIApplicationSupportsIndirectInputEvents = YES;
				INFOPLIST_KEY_UILaunchStoryboardName = LaunchScreen;
				INFOPLIST_KEY_UIMainStoryboardFile = Main;
				INFOPLIST_KEY_UISupportedInterfaceOrientations_iPad = "UIInterfaceOrientationPortrait UIInterfaceOrientationPortraitUpsideDown UIInterfaceOrientationLandscapeLeft UIInterfaceOrientationLandscapeRight";
				INFOPLIST_KEY_UISupportedInterfaceOrientations_iPhone = "UIInterfaceOrientationPortrait UIInterfaceOrientationLandscapeLeft UIInterfaceOrientationLandscapeRight";
				IPHONEOS_DEPLOYMENT_TARGET = 15.0;
				LD_RUNPATH_SEARCH_PATHS = (
					"$(inherited)",
					"@executable_path/Frameworks",
				);
				MARKETING_VERSION = 1.0;
				PRODUCT_BUNDLE_IDENTIFIER = "ru.Pozolotina-VK";
				PRODUCT_NAME = "$(TARGET_NAME)";
				PROVISIONING_PROFILE_SPECIFIER = "";
				SWIFT_EMIT_LOC_STRINGS = YES;
				SWIFT_VERSION = 5.0;
				TARGETED_DEVICE_FAMILY = "1,2";
			};
			name = Debug;
		};
		FA9EB6712804676200AC80F3 /* Release */ = {
			isa = XCBuildConfiguration;
			baseConfigurationReference = 0BDF41ED9619F4086A314325 /* Pods-Pozolotina_VK.release.xcconfig */;
			buildSettings = {
				ASSETCATALOG_COMPILER_APPICON_NAME = AppIcon;
				ASSETCATALOG_COMPILER_GLOBAL_ACCENT_COLOR_NAME = AccentColor;
				CODE_SIGN_IDENTITY = "Apple Development";
				CODE_SIGN_STYLE = Automatic;
				CURRENT_PROJECT_VERSION = 1;
				DEVELOPMENT_TEAM = CQZ4W374Y4;
				GENERATE_INFOPLIST_FILE = YES;
				INFOPLIST_FILE = Pozolotina_VK/Info.plist;
				INFOPLIST_KEY_UIApplicationSupportsIndirectInputEvents = YES;
				INFOPLIST_KEY_UILaunchStoryboardName = LaunchScreen;
				INFOPLIST_KEY_UIMainStoryboardFile = Main;
				INFOPLIST_KEY_UISupportedInterfaceOrientations_iPad = "UIInterfaceOrientationPortrait UIInterfaceOrientationPortraitUpsideDown UIInterfaceOrientationLandscapeLeft UIInterfaceOrientationLandscapeRight";
				INFOPLIST_KEY_UISupportedInterfaceOrientations_iPhone = "UIInterfaceOrientationPortrait UIInterfaceOrientationLandscapeLeft UIInterfaceOrientationLandscapeRight";
				IPHONEOS_DEPLOYMENT_TARGET = 15.0;
				LD_RUNPATH_SEARCH_PATHS = (
					"$(inherited)",
					"@executable_path/Frameworks",
				);
				MARKETING_VERSION = 1.0;
				PRODUCT_BUNDLE_IDENTIFIER = "ru.Pozolotina-VK";
				PRODUCT_NAME = "$(TARGET_NAME)";
				PROVISIONING_PROFILE_SPECIFIER = "";
				SWIFT_EMIT_LOC_STRINGS = YES;
				SWIFT_VERSION = 5.0;
				TARGETED_DEVICE_FAMILY = "1,2";
			};
			name = Release;
		};
/* End XCBuildConfiguration section */

/* Begin XCConfigurationList section */
		FA9EB6562804676200AC80F3 /* Build configuration list for PBXProject "Pozolotina_VK" */ = {
			isa = XCConfigurationList;
			buildConfigurations = (
				FA9EB66D2804676200AC80F3 /* Debug */,
				FA9EB66E2804676200AC80F3 /* Release */,
			);
			defaultConfigurationIsVisible = 0;
			defaultConfigurationName = Release;
		};
		FA9EB66F2804676200AC80F3 /* Build configuration list for PBXNativeTarget "Pozolotina_VK" */ = {
			isa = XCConfigurationList;
			buildConfigurations = (
				FA9EB6702804676200AC80F3 /* Debug */,
				FA9EB6712804676200AC80F3 /* Release */,
			);
			defaultConfigurationIsVisible = 0;
			defaultConfigurationName = Release;
		};
/* End XCConfigurationList section */
	};
	rootObject = FA9EB6532804676200AC80F3 /* Project object */;
}
